
Microsoft Visual Studio Solution File, Format Version 12.00
# Visual Studio Version 17
VisualStudioVersion = 17.1.32228.430
MinimumVisualStudioVersion = 10.0.40219.1
Project("{2150E333-8FDC-42A3-9474-1A3956D46DE8}") = "src", "src", "{4D02AC2C-534F-4ACE-97D7-71F1A2773279}"
EndProject
Project("{2150E333-8FDC-42A3-9474-1A3956D46DE8}") = "tests", "tests", "{AFBF3DFF-2BC5-47C9-A5B7-6CC93609FC4E}"
EndProject
Project("{2150E333-8FDC-42A3-9474-1A3956D46DE8}") = "samples", "samples", "{F80C4EC1-D73B-4602-9B01-BD98ECDE3905}"
EndProject
Project("{9A19103F-16F7-4668-BE54-9A1E7A4F7556}") = "Pilgaard.CronJobs", "src\Pilgaard.CronJobs\Pilgaard.CronJobs.csproj", "{B3362204-D247-446E-B499-AB8E12057A24}"
EndProject
Project("{9A19103F-16F7-4668-BE54-9A1E7A4F7556}") = "Pilgaard.CronJobs.Tests", "tests\Pilgaard.CronJobs.Tests\Pilgaard.CronJobs.Tests.csproj", "{7FB4DF28-49C9-4347-8CCC-0D0539649ADE}"
EndProject
Project("{2150E333-8FDC-42A3-9474-1A3956D46DE8}") = "Solution Items", "Solution Items", "{41A9DE41-AEDF-46F5-BCB5-3E953A32B905}"
	ProjectSection(SolutionItems) = preProject
		.editorconfig = .editorconfig
		.gitignore = .gitignore
		Directory.Build.props = Directory.Build.props
		Directory.Build.targets = Directory.Build.targets
		LICENSE = LICENSE
		README.md = README.md
	EndProjectSection
EndProject
Project("{9A19103F-16F7-4668-BE54-9A1E7A4F7556}") = "Pilgaard.ScheduledJobs", "src\Pilgaard.ScheduledJobs\Pilgaard.ScheduledJobs.csproj", "{4A99FD81-FA48-40D6-96CB-EA158905FA50}"
EndProject
Project("{9A19103F-16F7-4668-BE54-9A1E7A4F7556}") = "Pilgaard.RecurringJobs", "src\Pilgaard.RecurringJobs\Pilgaard.RecurringJobs.csproj", "{159A0F23-706A-4757-84F1-6C77EA5ED7E1}"
EndProject
Project("{9A19103F-16F7-4668-BE54-9A1E7A4F7556}") = "Pilgaard.RecurringJobs.Tests", "tests\Pilgaard.RecurringJobs.Tests\Pilgaard.RecurringJobs.Tests.csproj", "{DEE9D29B-64E5-48E8-BA85-46A0D14D7C75}"
EndProject
Project("{9A19103F-16F7-4668-BE54-9A1E7A4F7556}") = "Pilgaard.ScheduledJobs.Tests", "tests\Pilgaard.ScheduledJobs.Tests\Pilgaard.ScheduledJobs.Tests.csproj", "{8BD25B6F-AD7E-49CE-8810-DD111528096E}"
EndProject
Project("{9A19103F-16F7-4668-BE54-9A1E7A4F7556}") = "Pilgaard.BackgroundJobs", "src\Pilgaard.BackgroundJobs\Pilgaard.BackgroundJobs.csproj", "{FA47EE48-CED8-41BF-BF8B-FE7B3D57DF89}"
EndProject
Project("{9A19103F-16F7-4668-BE54-9A1E7A4F7556}") = "Pilgaard.BackgroundJobs.Tests", "tests\Pilgaard.BackgroundJobs.Tests\Pilgaard.BackgroundJobs.Tests.csproj", "{497A30D3-9BB3-404D-B475-D2C7F93DF565}"
EndProject
Project("{2150E333-8FDC-42A3-9474-1A3956D46DE8}") = "benchmarks", "benchmarks", "{B5A9D89F-A4B1-4F68-AE5B-30C46A291954}"
EndProject
Project("{9A19103F-16F7-4668-BE54-9A1E7A4F7556}") = "Pilgaard.BackgroundJobs.Benchmarks", "benchmarks\Pilgaard.BackgroundJobs.Benchmarks\Pilgaard.BackgroundJobs.Benchmarks.csproj", "{5E3DDADB-68A3-4218-B412-DA51E92B31DA}"
EndProject
Project("{9A19103F-16F7-4668-BE54-9A1E7A4F7556}") = "BackgroundJobs.Configuration", "samples\BackgroundJobs.Configuration\BackgroundJobs.Configuration.csproj", "{15349A0E-F2BB-4029-932F-1E403B3009BE}"
EndProject
Project("{9A19103F-16F7-4668-BE54-9A1E7A4F7556}") = "BackgroundJobs.MinimalAPI", "samples\BackgroundJobs.MinimalAPI\BackgroundJobs.MinimalAPI.csproj", "{3DAD0028-9601-4CF8-A1CD-2539531A8139}"
EndProject
Project("{9A19103F-16F7-4668-BE54-9A1E7A4F7556}") = "BackgroundJobs.OpenTelemetry", "samples\BackgroundJobs.OpenTelemetry\BackgroundJobs.OpenTelemetry.csproj", "{73FBE69C-BFA1-49A1-B73D-D7370BF439DD}"
EndProject
Project("{9A19103F-16F7-4668-BE54-9A1E7A4F7556}") = "BackgroundJobs.WorkerService", "samples\BackgroundJobs.WorkerService\BackgroundJobs.WorkerService.csproj", "{E4B31BE5-0C37-401E-9D2C-00436F9D9FD9}"
EndProject
Project("{9A19103F-16F7-4668-BE54-9A1E7A4F7556}") = "CronJobs.MinimalAPI", "samples\CronJobs.MinimalAPI\CronJobs.MinimalAPI.csproj", "{2356E21D-BF8A-4782-AF90-05975BA88FCD}"
EndProject
Project("{9A19103F-16F7-4668-BE54-9A1E7A4F7556}") = "RecurringJobs.MinimalAPI", "samples\RecurringJobs.MinimalAPI\RecurringJobs.MinimalAPI.csproj", "{69CCFA55-D43E-43B1-8659-F8A4BD909471}"
EndProject
Global
	GlobalSection(SolutionConfigurationPlatforms) = preSolution
		Debug|Any CPU = Debug|Any CPU
		Release|Any CPU = Release|Any CPU
	EndGlobalSection
	GlobalSection(ProjectConfigurationPlatforms) = postSolution
		{B3362204-D247-446E-B499-AB8E12057A24}.Debug|Any CPU.ActiveCfg = Debug|Any CPU
		{B3362204-D247-446E-B499-AB8E12057A24}.Debug|Any CPU.Build.0 = Debug|Any CPU
		{B3362204-D247-446E-B499-AB8E12057A24}.Release|Any CPU.ActiveCfg = Release|Any CPU
		{B3362204-D247-446E-B499-AB8E12057A24}.Release|Any CPU.Build.0 = Release|Any CPU
		{7FB4DF28-49C9-4347-8CCC-0D0539649ADE}.Debug|Any CPU.ActiveCfg = Debug|Any CPU
		{7FB4DF28-49C9-4347-8CCC-0D0539649ADE}.Debug|Any CPU.Build.0 = Debug|Any CPU
		{7FB4DF28-49C9-4347-8CCC-0D0539649ADE}.Release|Any CPU.ActiveCfg = Release|Any CPU
		{7FB4DF28-49C9-4347-8CCC-0D0539649ADE}.Release|Any CPU.Build.0 = Release|Any CPU
		{4A99FD81-FA48-40D6-96CB-EA158905FA50}.Debug|Any CPU.ActiveCfg = Debug|Any CPU
		{4A99FD81-FA48-40D6-96CB-EA158905FA50}.Debug|Any CPU.Build.0 = Debug|Any CPU
		{4A99FD81-FA48-40D6-96CB-EA158905FA50}.Release|Any CPU.ActiveCfg = Release|Any CPU
		{4A99FD81-FA48-40D6-96CB-EA158905FA50}.Release|Any CPU.Build.0 = Release|Any CPU
		{159A0F23-706A-4757-84F1-6C77EA5ED7E1}.Debug|Any CPU.ActiveCfg = Debug|Any CPU
		{159A0F23-706A-4757-84F1-6C77EA5ED7E1}.Debug|Any CPU.Build.0 = Debug|Any CPU
		{159A0F23-706A-4757-84F1-6C77EA5ED7E1}.Release|Any CPU.ActiveCfg = Release|Any CPU
		{159A0F23-706A-4757-84F1-6C77EA5ED7E1}.Release|Any CPU.Build.0 = Release|Any CPU
		{DEE9D29B-64E5-48E8-BA85-46A0D14D7C75}.Debug|Any CPU.ActiveCfg = Debug|Any CPU
		{DEE9D29B-64E5-48E8-BA85-46A0D14D7C75}.Debug|Any CPU.Build.0 = Debug|Any CPU
		{DEE9D29B-64E5-48E8-BA85-46A0D14D7C75}.Release|Any CPU.ActiveCfg = Release|Any CPU
		{DEE9D29B-64E5-48E8-BA85-46A0D14D7C75}.Release|Any CPU.Build.0 = Release|Any CPU
		{8BD25B6F-AD7E-49CE-8810-DD111528096E}.Debug|Any CPU.ActiveCfg = Debug|Any CPU
		{8BD25B6F-AD7E-49CE-8810-DD111528096E}.Debug|Any CPU.Build.0 = Debug|Any CPU
		{8BD25B6F-AD7E-49CE-8810-DD111528096E}.Release|Any CPU.ActiveCfg = Release|Any CPU
		{8BD25B6F-AD7E-49CE-8810-DD111528096E}.Release|Any CPU.Build.0 = Release|Any CPU
		{FA47EE48-CED8-41BF-BF8B-FE7B3D57DF89}.Debug|Any CPU.ActiveCfg = Debug|Any CPU
		{FA47EE48-CED8-41BF-BF8B-FE7B3D57DF89}.Debug|Any CPU.Build.0 = Debug|Any CPU
		{FA47EE48-CED8-41BF-BF8B-FE7B3D57DF89}.Release|Any CPU.ActiveCfg = Release|Any CPU
		{FA47EE48-CED8-41BF-BF8B-FE7B3D57DF89}.Release|Any CPU.Build.0 = Release|Any CPU
		{497A30D3-9BB3-404D-B475-D2C7F93DF565}.Debug|Any CPU.ActiveCfg = Debug|Any CPU
		{497A30D3-9BB3-404D-B475-D2C7F93DF565}.Debug|Any CPU.Build.0 = Debug|Any CPU
		{497A30D3-9BB3-404D-B475-D2C7F93DF565}.Release|Any CPU.ActiveCfg = Release|Any CPU
		{497A30D3-9BB3-404D-B475-D2C7F93DF565}.Release|Any CPU.Build.0 = Release|Any CPU
		{5E3DDADB-68A3-4218-B412-DA51E92B31DA}.Debug|Any CPU.ActiveCfg = Debug|Any CPU
		{5E3DDADB-68A3-4218-B412-DA51E92B31DA}.Debug|Any CPU.Build.0 = Debug|Any CPU
		{5E3DDADB-68A3-4218-B412-DA51E92B31DA}.Release|Any CPU.ActiveCfg = Release|Any CPU
		{5E3DDADB-68A3-4218-B412-DA51E92B31DA}.Release|Any CPU.Build.0 = Release|Any CPU
		{15349A0E-F2BB-4029-932F-1E403B3009BE}.Debug|Any CPU.ActiveCfg = Debug|Any CPU
		{15349A0E-F2BB-4029-932F-1E403B3009BE}.Debug|Any CPU.Build.0 = Debug|Any CPU
		{15349A0E-F2BB-4029-932F-1E403B3009BE}.Release|Any CPU.ActiveCfg = Release|Any CPU
		{15349A0E-F2BB-4029-932F-1E403B3009BE}.Release|Any CPU.Build.0 = Release|Any CPU
		{3DAD0028-9601-4CF8-A1CD-2539531A8139}.Debug|Any CPU.ActiveCfg = Debug|Any CPU
		{3DAD0028-9601-4CF8-A1CD-2539531A8139}.Debug|Any CPU.Build.0 = Debug|Any CPU
		{3DAD0028-9601-4CF8-A1CD-2539531A8139}.Release|Any CPU.ActiveCfg = Release|Any CPU
		{3DAD0028-9601-4CF8-A1CD-2539531A8139}.Release|Any CPU.Build.0 = Release|Any CPU
		{73FBE69C-BFA1-49A1-B73D-D7370BF439DD}.Debug|Any CPU.ActiveCfg = Debug|Any CPU
		{73FBE69C-BFA1-49A1-B73D-D7370BF439DD}.Debug|Any CPU.Build.0 = Debug|Any CPU
		{73FBE69C-BFA1-49A1-B73D-D7370BF439DD}.Release|Any CPU.ActiveCfg = Release|Any CPU
		{73FBE69C-BFA1-49A1-B73D-D7370BF439DD}.Release|Any CPU.Build.0 = Release|Any CPU
		{E4B31BE5-0C37-401E-9D2C-00436F9D9FD9}.Debug|Any CPU.ActiveCfg = Debug|Any CPU
		{E4B31BE5-0C37-401E-9D2C-00436F9D9FD9}.Debug|Any CPU.Build.0 = Debug|Any CPU
		{E4B31BE5-0C37-401E-9D2C-00436F9D9FD9}.Release|Any CPU.ActiveCfg = Release|Any CPU
		{E4B31BE5-0C37-401E-9D2C-00436F9D9FD9}.Release|Any CPU.Build.0 = Release|Any CPU
		{2356E21D-BF8A-4782-AF90-05975BA88FCD}.Debug|Any CPU.ActiveCfg = Debug|Any CPU
		{2356E21D-BF8A-4782-AF90-05975BA88FCD}.Debug|Any CPU.Build.0 = Debug|Any CPU
		{2356E21D-BF8A-4782-AF90-05975BA88FCD}.Release|Any CPU.ActiveCfg = Release|Any CPU
		{2356E21D-BF8A-4782-AF90-05975BA88FCD}.Release|Any CPU.Build.0 = Release|Any CPU
		{69CCFA55-D43E-43B1-8659-F8A4BD909471}.Debug|Any CPU.ActiveCfg = Debug|Any CPU
		{69CCFA55-D43E-43B1-8659-F8A4BD909471}.Debug|Any CPU.Build.0 = Debug|Any CPU
		{69CCFA55-D43E-43B1-8659-F8A4BD909471}.Release|Any CPU.ActiveCfg = Release|Any CPU
		{69CCFA55-D43E-43B1-8659-F8A4BD909471}.Release|Any CPU.Build.0 = Release|Any CPU
	EndGlobalSection
	GlobalSection(SolutionProperties) = preSolution
		HideSolutionNode = FALSE
	EndGlobalSection
	GlobalSection(NestedProjects) = preSolution
		{B3362204-D247-446E-B499-AB8E12057A24} = {4D02AC2C-534F-4ACE-97D7-71F1A2773279}
		{7FB4DF28-49C9-4347-8CCC-0D0539649ADE} = {AFBF3DFF-2BC5-47C9-A5B7-6CC93609FC4E}
		{4A99FD81-FA48-40D6-96CB-EA158905FA50} = {4D02AC2C-534F-4ACE-97D7-71F1A2773279}
		{159A0F23-706A-4757-84F1-6C77EA5ED7E1} = {4D02AC2C-534F-4ACE-97D7-71F1A2773279}
		{DEE9D29B-64E5-48E8-BA85-46A0D14D7C75} = {AFBF3DFF-2BC5-47C9-A5B7-6CC93609FC4E}
		{8BD25B6F-AD7E-49CE-8810-DD111528096E} = {AFBF3DFF-2BC5-47C9-A5B7-6CC93609FC4E}
		{FA47EE48-CED8-41BF-BF8B-FE7B3D57DF89} = {4D02AC2C-534F-4ACE-97D7-71F1A2773279}
		{497A30D3-9BB3-404D-B475-D2C7F93DF565} = {AFBF3DFF-2BC5-47C9-A5B7-6CC93609FC4E}
		{5E3DDADB-68A3-4218-B412-DA51E92B31DA} = {B5A9D89F-A4B1-4F68-AE5B-30C46A291954}
		{15349A0E-F2BB-4029-932F-1E403B3009BE} = {F80C4EC1-D73B-4602-9B01-BD98ECDE3905}
		{3DAD0028-9601-4CF8-A1CD-2539531A8139} = {F80C4EC1-D73B-4602-9B01-BD98ECDE3905}
		{73FBE69C-BFA1-49A1-B73D-D7370BF439DD} = {F80C4EC1-D73B-4602-9B01-BD98ECDE3905}
		{E4B31BE5-0C37-401E-9D2C-00436F9D9FD9} = {F80C4EC1-D73B-4602-9B01-BD98ECDE3905}
		{2356E21D-BF8A-4782-AF90-05975BA88FCD} = {F80C4EC1-D73B-4602-9B01-BD98ECDE3905}
		{69CCFA55-D43E-43B1-8659-F8A4BD909471} = {F80C4EC1-D73B-4602-9B01-BD98ECDE3905}
	EndGlobalSection
	GlobalSection(ExtensibilityGlobals) = postSolution
		SolutionGuid = {AE30DB9E-1DB2-4346-9C9E-A487459AA94B}
	EndGlobalSection
EndGlobal
