
Microsoft Visual Studio Solution File, Format Version 12.00
# Visual Studio Version 17
VisualStudioVersion = 17.1.32228.430
MinimumVisualStudioVersion = 10.0.40219.1
Project("{2150E333-8FDC-42A3-9474-1A3956D46DE8}") = "src", "src", "{4D02AC2C-534F-4ACE-97D7-71F1A2773279}"
EndProject
Project("{2150E333-8FDC-42A3-9474-1A3956D46DE8}") = "tests", "tests", "{AFBF3DFF-2BC5-47C9-A5B7-6CC93609FC4E}"
EndProject
Project("{2150E333-8FDC-42A3-9474-1A3956D46DE8}") = "samples", "samples", "{F80C4EC1-D73B-4602-9B01-BD98ECDE3905}"
EndProject
Project("{9A19103F-16F7-4668-BE54-9A1E7A4F7556}") = "Pilgaard.CronJobs", "src\Pilgaard.CronJobs\Pilgaard.CronJobs.csproj", "{B3362204-D247-446E-B499-AB8E12057A24}"
EndProject
Project("{9A19103F-16F7-4668-BE54-9A1E7A4F7556}") = "Pilgaard.CronJobs.Tests", "tests\Pilgaard.CronJobs.Tests\Pilgaard.CronJobs.Tests.csproj", "{7FB4DF28-49C9-4347-8CCC-0D0539649ADE}"
EndProject
Project("{9A19103F-16F7-4668-BE54-9A1E7A4F7556}") = "Pilgaard.CronJobs.Examples.MinimalAPI", "samples\Pilgaard.CronJobs.Examples.MinimalAPI\Pilgaard.CronJobs.Examples.MinimalAPI.csproj", "{8B798DE2-EF3C-4471-BA85-2AA4D1DC9AE9}"
EndProject
Project("{2150E333-8FDC-42A3-9474-1A3956D46DE8}") = "workflows", "workflows", "{5F1D0A72-5C44-41A8-BE35-3F1EB30C2EAC}"
	ProjectSection(SolutionItems) = preProject
		.github\workflows\cronjobs_cd.yml = .github\workflows\cronjobs_cd.yml
		.github\workflows\cronjobs_ci.yml = .github\workflows\cronjobs_ci.yml
		.github\workflows\github-release.yml = .github\workflows\github-release.yml
		.github\workflows\recurringjobs_cd.yml = .github\workflows\recurringjobs_cd.yml
		.github\workflows\recurringjobs_ci.yml = .github\workflows\recurringjobs_ci.yml
		.github\workflows\scheduledjobs_cd.yml = .github\workflows\scheduledjobs_cd.yml
		.github\workflows\scheduledjobs_ci.yml = .github\workflows\scheduledjobs_ci.yml
	EndProjectSection
EndProject
Project("{2150E333-8FDC-42A3-9474-1A3956D46DE8}") = "Solution Items", "Solution Items", "{41A9DE41-AEDF-46F5-BCB5-3E953A32B905}"
	ProjectSection(SolutionItems) = preProject
		.editorconfig = .editorconfig
		.gitignore = .gitignore
		Directory.Build.props = Directory.Build.props
		LICENSE = LICENSE
		README.md = README.md
	EndProjectSection
EndProject
Project("{9A19103F-16F7-4668-BE54-9A1E7A4F7556}") = "Pilgaard.CronJobs.Examples.OpenTelemetry", "samples\Pilgaard.CronJobs.Examples.OpenTelemetry\Pilgaard.CronJobs.Examples.OpenTelemetry.csproj", "{6A2D35C0-DBF9-4467-900C-724313E3B15E}"
EndProject
Project("{9A19103F-16F7-4668-BE54-9A1E7A4F7556}") = "Pilgaard.ScheduledJobs", "src\Pilgaard.ScheduledJobs\Pilgaard.ScheduledJobs.csproj", "{4A99FD81-FA48-40D6-96CB-EA158905FA50}"
EndProject
Project("{9A19103F-16F7-4668-BE54-9A1E7A4F7556}") = "Pilgaard.RecurringJobs", "src\Pilgaard.RecurringJobs\Pilgaard.RecurringJobs.csproj", "{159A0F23-706A-4757-84F1-6C77EA5ED7E1}"
EndProject
Project("{9A19103F-16F7-4668-BE54-9A1E7A4F7556}") = "Pilgaard.RecurringJobs.Examples.MinimalAPI", "samples\Pilgaard.RecurringJobs.Examples.MinimalAPI\Pilgaard.RecurringJobs.Examples.MinimalAPI.csproj", "{4741F157-499C-4EBB-91D5-0CB5FED28B9B}"
EndProject
Project("{9A19103F-16F7-4668-BE54-9A1E7A4F7556}") = "Pilgaard.RecurringJobs.Tests", "tests\Pilgaard.RecurringJobs.Tests\Pilgaard.RecurringJobs.Tests.csproj", "{DEE9D29B-64E5-48E8-BA85-46A0D14D7C75}"
EndProject
Project("{9A19103F-16F7-4668-BE54-9A1E7A4F7556}") = "Pilgaard.ScheduledJobs.Tests", "tests\Pilgaard.ScheduledJobs.Tests\Pilgaard.ScheduledJobs.Tests.csproj", "{8BD25B6F-AD7E-49CE-8810-DD111528096E}"
EndProject
Global
	GlobalSection(SolutionConfigurationPlatforms) = preSolution
		Debug|Any CPU = Debug|Any CPU
		Release|Any CPU = Release|Any CPU
	EndGlobalSection
	GlobalSection(ProjectConfigurationPlatforms) = postSolution
		{B3362204-D247-446E-B499-AB8E12057A24}.Debug|Any CPU.ActiveCfg = Debug|Any CPU
		{B3362204-D247-446E-B499-AB8E12057A24}.Debug|Any CPU.Build.0 = Debug|Any CPU
		{B3362204-D247-446E-B499-AB8E12057A24}.Release|Any CPU.ActiveCfg = Release|Any CPU
		{B3362204-D247-446E-B499-AB8E12057A24}.Release|Any CPU.Build.0 = Release|Any CPU
		{7FB4DF28-49C9-4347-8CCC-0D0539649ADE}.Debug|Any CPU.ActiveCfg = Debug|Any CPU
		{7FB4DF28-49C9-4347-8CCC-0D0539649ADE}.Debug|Any CPU.Build.0 = Debug|Any CPU
		{7FB4DF28-49C9-4347-8CCC-0D0539649ADE}.Release|Any CPU.ActiveCfg = Release|Any CPU
		{7FB4DF28-49C9-4347-8CCC-0D0539649ADE}.Release|Any CPU.Build.0 = Release|Any CPU
		{8B798DE2-EF3C-4471-BA85-2AA4D1DC9AE9}.Debug|Any CPU.ActiveCfg = Debug|Any CPU
		{8B798DE2-EF3C-4471-BA85-2AA4D1DC9AE9}.Debug|Any CPU.Build.0 = Debug|Any CPU
		{8B798DE2-EF3C-4471-BA85-2AA4D1DC9AE9}.Release|Any CPU.ActiveCfg = Release|Any CPU
		{8B798DE2-EF3C-4471-BA85-2AA4D1DC9AE9}.Release|Any CPU.Build.0 = Release|Any CPU
		{6A2D35C0-DBF9-4467-900C-724313E3B15E}.Debug|Any CPU.ActiveCfg = Debug|Any CPU
		{6A2D35C0-DBF9-4467-900C-724313E3B15E}.Debug|Any CPU.Build.0 = Debug|Any CPU
		{6A2D35C0-DBF9-4467-900C-724313E3B15E}.Release|Any CPU.ActiveCfg = Release|Any CPU
		{6A2D35C0-DBF9-4467-900C-724313E3B15E}.Release|Any CPU.Build.0 = Release|Any CPU
		{4A99FD81-FA48-40D6-96CB-EA158905FA50}.Debug|Any CPU.ActiveCfg = Debug|Any CPU
		{4A99FD81-FA48-40D6-96CB-EA158905FA50}.Debug|Any CPU.Build.0 = Debug|Any CPU
		{4A99FD81-FA48-40D6-96CB-EA158905FA50}.Release|Any CPU.ActiveCfg = Release|Any CPU
		{4A99FD81-FA48-40D6-96CB-EA158905FA50}.Release|Any CPU.Build.0 = Release|Any CPU
		{159A0F23-706A-4757-84F1-6C77EA5ED7E1}.Debug|Any CPU.ActiveCfg = Debug|Any CPU
		{159A0F23-706A-4757-84F1-6C77EA5ED7E1}.Debug|Any CPU.Build.0 = Debug|Any CPU
		{159A0F23-706A-4757-84F1-6C77EA5ED7E1}.Release|Any CPU.ActiveCfg = Release|Any CPU
		{159A0F23-706A-4757-84F1-6C77EA5ED7E1}.Release|Any CPU.Build.0 = Release|Any CPU
		{4741F157-499C-4EBB-91D5-0CB5FED28B9B}.Debug|Any CPU.ActiveCfg = Debug|Any CPU
		{4741F157-499C-4EBB-91D5-0CB5FED28B9B}.Debug|Any CPU.Build.0 = Debug|Any CPU
		{4741F157-499C-4EBB-91D5-0CB5FED28B9B}.Release|Any CPU.ActiveCfg = Release|Any CPU
		{4741F157-499C-4EBB-91D5-0CB5FED28B9B}.Release|Any CPU.Build.0 = Release|Any CPU
		{DEE9D29B-64E5-48E8-BA85-46A0D14D7C75}.Debug|Any CPU.ActiveCfg = Debug|Any CPU
		{DEE9D29B-64E5-48E8-BA85-46A0D14D7C75}.Debug|Any CPU.Build.0 = Debug|Any CPU
		{DEE9D29B-64E5-48E8-BA85-46A0D14D7C75}.Release|Any CPU.ActiveCfg = Release|Any CPU
		{DEE9D29B-64E5-48E8-BA85-46A0D14D7C75}.Release|Any CPU.Build.0 = Release|Any CPU
		{8BD25B6F-AD7E-49CE-8810-DD111528096E}.Debug|Any CPU.ActiveCfg = Debug|Any CPU
		{8BD25B6F-AD7E-49CE-8810-DD111528096E}.Debug|Any CPU.Build.0 = Debug|Any CPU
		{8BD25B6F-AD7E-49CE-8810-DD111528096E}.Release|Any CPU.ActiveCfg = Release|Any CPU
		{8BD25B6F-AD7E-49CE-8810-DD111528096E}.Release|Any CPU.Build.0 = Release|Any CPU
	EndGlobalSection
	GlobalSection(SolutionProperties) = preSolution
		HideSolutionNode = FALSE
	EndGlobalSection
	GlobalSection(NestedProjects) = preSolution
		{B3362204-D247-446E-B499-AB8E12057A24} = {4D02AC2C-534F-4ACE-97D7-71F1A2773279}
		{7FB4DF28-49C9-4347-8CCC-0D0539649ADE} = {AFBF3DFF-2BC5-47C9-A5B7-6CC93609FC4E}
		{8B798DE2-EF3C-4471-BA85-2AA4D1DC9AE9} = {F80C4EC1-D73B-4602-9B01-BD98ECDE3905}
		{6A2D35C0-DBF9-4467-900C-724313E3B15E} = {F80C4EC1-D73B-4602-9B01-BD98ECDE3905}
		{4A99FD81-FA48-40D6-96CB-EA158905FA50} = {4D02AC2C-534F-4ACE-97D7-71F1A2773279}
		{159A0F23-706A-4757-84F1-6C77EA5ED7E1} = {4D02AC2C-534F-4ACE-97D7-71F1A2773279}
		{4741F157-499C-4EBB-91D5-0CB5FED28B9B} = {F80C4EC1-D73B-4602-9B01-BD98ECDE3905}
		{DEE9D29B-64E5-48E8-BA85-46A0D14D7C75} = {AFBF3DFF-2BC5-47C9-A5B7-6CC93609FC4E}
		{8BD25B6F-AD7E-49CE-8810-DD111528096E} = {AFBF3DFF-2BC5-47C9-A5B7-6CC93609FC4E}
	EndGlobalSection
	GlobalSection(ExtensibilityGlobals) = postSolution
		SolutionGuid = {AE30DB9E-1DB2-4346-9C9E-A487459AA94B}
	EndGlobalSection
EndGlobal
