
Microsoft Visual Studio Solution File, Format Version 12.00
# Visual Studio Version 17
VisualStudioVersion = 17.1.32228.430
MinimumVisualStudioVersion = 10.0.40219.1
Project("{2150E333-8FDC-42A3-9474-1A3956D46DE8}") = "src", "src", "{4D02AC2C-534F-4ACE-97D7-71F1A2773279}"
EndProject
Project("{2150E333-8FDC-42A3-9474-1A3956D46DE8}") = "tests", "tests", "{AFBF3DFF-2BC5-47C9-A5B7-6CC93609FC4E}"
EndProject
Project("{2150E333-8FDC-42A3-9474-1A3956D46DE8}") = "benchmarks", "benchmarks", "{FBC5473F-AA1B-4DF8-9AD9-64B6705797FF}"
EndProject
Project("{2150E333-8FDC-42A3-9474-1A3956D46DE8}") = "samples", "samples", "{F80C4EC1-D73B-4602-9B01-BD98ECDE3905}"
EndProject
Project("{9A19103F-16F7-4668-BE54-9A1E7A4F7556}") = "Pilgaard.CronJobs", "src\Pilgaard.CronJobs\Pilgaard.CronJobs.csproj", "{B3362204-D247-446E-B499-AB8E12057A24}"
EndProject
Project("{9A19103F-16F7-4668-BE54-9A1E7A4F7556}") = "Pilgaard.CronJobs.Extensions.Microsoft.DependencyInjection", "src\Pilgaard.CronJobs.Extensions.Microsoft.DependencyInjection\Pilgaard.CronJobs.Extensions.Microsoft.DependencyInjection.csproj", "{034ED42F-C9B0-447B-999D-627EE9F0585E}"
EndProject
Project("{9A19103F-16F7-4668-BE54-9A1E7A4F7556}") = "Pilgaard.CronJobs.Tests", "tests\Pilgaard.CronJobs.Tests\Pilgaard.CronJobs.Tests.csproj", "{7FB4DF28-49C9-4347-8CCC-0D0539649ADE}"
EndProject
Global
	GlobalSection(SolutionConfigurationPlatforms) = preSolution
		Debug|Any CPU = Debug|Any CPU
		Release|Any CPU = Release|Any CPU
	EndGlobalSection
	GlobalSection(ProjectConfigurationPlatforms) = postSolution
		{B3362204-D247-446E-B499-AB8E12057A24}.Debug|Any CPU.ActiveCfg = Debug|Any CPU
		{B3362204-D247-446E-B499-AB8E12057A24}.Debug|Any CPU.Build.0 = Debug|Any CPU
		{B3362204-D247-446E-B499-AB8E12057A24}.Release|Any CPU.ActiveCfg = Release|Any CPU
		{B3362204-D247-446E-B499-AB8E12057A24}.Release|Any CPU.Build.0 = Release|Any CPU
		{034ED42F-C9B0-447B-999D-627EE9F0585E}.Debug|Any CPU.ActiveCfg = Debug|Any CPU
		{034ED42F-C9B0-447B-999D-627EE9F0585E}.Debug|Any CPU.Build.0 = Debug|Any CPU
		{034ED42F-C9B0-447B-999D-627EE9F0585E}.Release|Any CPU.ActiveCfg = Release|Any CPU
		{034ED42F-C9B0-447B-999D-627EE9F0585E}.Release|Any CPU.Build.0 = Release|Any CPU
		{7FB4DF28-49C9-4347-8CCC-0D0539649ADE}.Debug|Any CPU.ActiveCfg = Debug|Any CPU
		{7FB4DF28-49C9-4347-8CCC-0D0539649ADE}.Debug|Any CPU.Build.0 = Debug|Any CPU
		{7FB4DF28-49C9-4347-8CCC-0D0539649ADE}.Release|Any CPU.ActiveCfg = Release|Any CPU
		{7FB4DF28-49C9-4347-8CCC-0D0539649ADE}.Release|Any CPU.Build.0 = Release|Any CPU
	EndGlobalSection
	GlobalSection(SolutionProperties) = preSolution
		HideSolutionNode = FALSE
	EndGlobalSection
	GlobalSection(NestedProjects) = preSolution
		{B3362204-D247-446E-B499-AB8E12057A24} = {4D02AC2C-534F-4ACE-97D7-71F1A2773279}
		{034ED42F-C9B0-447B-999D-627EE9F0585E} = {4D02AC2C-534F-4ACE-97D7-71F1A2773279}
		{7FB4DF28-49C9-4347-8CCC-0D0539649ADE} = {AFBF3DFF-2BC5-47C9-A5B7-6CC93609FC4E}
	EndGlobalSection
	GlobalSection(ExtensibilityGlobals) = postSolution
		SolutionGuid = {AE30DB9E-1DB2-4346-9C9E-A487459AA94B}
	EndGlobalSection
EndGlobal
